
Microsoft Visual Studio Solution File, Format Version 12.00
# Visual Studio 14
VisualStudioVersion = 14.0.25420.1
MinimumVisualStudioVersion = 10.0.40219.1
Project("{FAE04EC0-301F-11D3-BF4B-00C04F79EFBC}") = "TeknikServis", "TeknikServis\TeknikServis.csproj", "{054C17FD-62D4-44A6-AF0F-8F4C0B6C5874}"
EndProject
Global
	GlobalSection(SolutionConfigurationPlatforms) = preSolution
		Debug|Any CPU = Debug|Any CPU
		Release|Any CPU = Release|Any CPU
	EndGlobalSection
	GlobalSection(ProjectConfigurationPlatforms) = postSolution
		{054C17FD-62D4-44A6-AF0F-8F4C0B6C5874}.Debug|Any CPU.ActiveCfg = Debug|Any CPU
		{054C17FD-62D4-44A6-AF0F-8F4C0B6C5874}.Debug|Any CPU.Build.0 = Debug|Any CPU
		{054C17FD-62D4-44A6-AF0F-8F4C0B6C5874}.Release|Any CPU.ActiveCfg = Release|Any CPU
		{054C17FD-62D4-44A6-AF0F-8F4C0B6C5874}.Release|Any CPU.Build.0 = Release|Any CPU
	EndGlobalSection
	GlobalSection(SolutionProperties) = preSolution
		HideSolutionNode = FALSE
	EndGlobalSection
EndGlobal
